
Microsoft Visual Studio Solution File, Format Version 12.00
# Visual Studio Version 16
VisualStudioVersion = 16.0.31702.278
MinimumVisualStudioVersion = 10.0.40219.1
Project("{8BC9CEB8-8B4A-11D0-8D11-00A0C91BC942}") = "OOP_mid1_110550201_周恭麟", "OOP_mid1_110550201_周恭麟.vcxproj", "{95743221-0BD2-4313-A47F-3C8420325436}"
EndProject
Global
	GlobalSection(SolutionConfigurationPlatforms) = preSolution
		Debug|x64 = Debug|x64
		Debug|x86 = Debug|x86
		Release|x64 = Release|x64
		Release|x86 = Release|x86
	EndGlobalSection
	GlobalSection(ProjectConfigurationPlatforms) = postSolution
		{95743221-0BD2-4313-A47F-3C8420325436}.Debug|x64.ActiveCfg = Debug|x64
		{95743221-0BD2-4313-A47F-3C8420325436}.Debug|x64.Build.0 = Debug|x64
		{95743221-0BD2-4313-A47F-3C8420325436}.Debug|x86.ActiveCfg = Debug|Win32
		{95743221-0BD2-4313-A47F-3C8420325436}.Debug|x86.Build.0 = Debug|Win32
		{95743221-0BD2-4313-A47F-3C8420325436}.Release|x64.ActiveCfg = Release|x64
		{95743221-0BD2-4313-A47F-3C8420325436}.Release|x64.Build.0 = Release|x64
		{95743221-0BD2-4313-A47F-3C8420325436}.Release|x86.ActiveCfg = Release|Win32
		{95743221-0BD2-4313-A47F-3C8420325436}.Release|x86.Build.0 = Release|Win32
	EndGlobalSection
	GlobalSection(SolutionProperties) = preSolution
		HideSolutionNode = FALSE
	EndGlobalSection
	GlobalSection(ExtensibilityGlobals) = postSolution
		SolutionGuid = {0E405972-E9BA-4CAC-BA20-B855362E5F30}
	EndGlobalSection
EndGlobal
